{
  "name": "hua-demo",
  "lockfileVersion": 3,
  "requires": true,
  "packages": {
    "": {
      "dependencies": {
        "hua-sdk-lite": "^2.0.0"
      }
    },
    "node_modules/hua-sdk-lite": {
      "version": "2.0.0",
      "resolved": "https://registry.npmjs.org/hua-sdk-lite/-/hua-sdk-lite-2.0.0.tgz",
      "integrity": "sha512-fdFo1x3w488AL7Y4j91nlZ9kZI/RPlDpp0DDwN2kDiFvaJl/9RbQtRD9iJt+t/foHX0LDYjS9iZtz7nw2Q3qaA==",
      "license": "MIT",
      "engines": {
        "node": ">=16.0.0"
      }
    }
  }
}
